
Microsoft Visual Studio Solution File, Format Version 12.00
# Visual Studio Version 17
VisualStudioVersion = 17.14.37216.2 d17.14
MinimumVisualStudioVersion = 10.0.40219.1
Project("{FAE04EC0-301F-11D3-BF4B-00C04F79EFBC}") = "Zadanie8", "Zadanie8.csproj", "{F27014F7-86BD-F739-68E0-D3485E9631AA}"
EndProject
Global
	GlobalSection(SolutionConfigurationPlatforms) = preSolution
		Debug|Any CPU = Debug|Any CPU
		Release|Any CPU = Release|Any CPU
	EndGlobalSection
	GlobalSection(ProjectConfigurationPlatforms) = postSolution
		{F27014F7-86BD-F739-68E0-D3485E9631AA}.Debug|Any CPU.ActiveCfg = Debug|Any CPU
		{F27014F7-86BD-F739-68E0-D3485E9631AA}.Debug|Any CPU.Build.0 = Debug|Any CPU
		{F27014F7-86BD-F739-68E0-D3485E9631AA}.Release|Any CPU.ActiveCfg = Release|Any CPU
		{F27014F7-86BD-F739-68E0-D3485E9631AA}.Release|Any CPU.Build.0 = Release|Any CPU
	EndGlobalSection
	GlobalSection(SolutionProperties) = preSolution
		HideSolutionNode = FALSE
	EndGlobalSection
	GlobalSection(ExtensibilityGlobals) = postSolution
		SolutionGuid = {80EA96B9-7DB9-4D0B-A806-B61DE01AB146}
	EndGlobalSection
EndGlobal
